
Microsoft Visual Studio Solution File, Format Version 12.00
# Visual Studio Version 17
VisualStudioVersion = 17.7.34031.279
MinimumVisualStudioVersion = 10.0.40219.1
Project("{FAE04EC0-301F-11D3-BF4B-00C04F79EFBC}") = "Prueba2", "Prueba2\Prueba2.csproj", "{9A3D39F0-6F49-4073-9026-E47C27039245}"
EndProject
Global
	GlobalSection(SolutionConfigurationPlatforms) = preSolution
		Debug|Any CPU = Debug|Any CPU
		Release|Any CPU = Release|Any CPU
	EndGlobalSection
	GlobalSection(ProjectConfigurationPlatforms) = postSolution
		{9A3D39F0-6F49-4073-9026-E47C27039245}.Debug|Any CPU.ActiveCfg = Debug|Any CPU
		{9A3D39F0-6F49-4073-9026-E47C27039245}.Debug|Any CPU.Build.0 = Debug|Any CPU
		{9A3D39F0-6F49-4073-9026-E47C27039245}.Release|Any CPU.ActiveCfg = Release|Any CPU
		{9A3D39F0-6F49-4073-9026-E47C27039245}.Release|Any CPU.Build.0 = Release|Any CPU
	EndGlobalSection
	GlobalSection(SolutionProperties) = preSolution
		HideSolutionNode = FALSE
	EndGlobalSection
	GlobalSection(ExtensibilityGlobals) = postSolution
		SolutionGuid = {01458956-ECA2-4346-8BD3-44A50593EBFB}
	EndGlobalSection
EndGlobal
